
Microsoft Visual Studio Solution File, Format Version 12.00
# Visual Studio 15
VisualStudioVersion = 15.0.26730.3
MinimumVisualStudioVersion = 10.0.40219.1
Project("{FAE04EC0-301F-11D3-BF4B-00C04F79EFBC}") = "MediaBrowser.Plugins.NotifyMyAndroidNotifications", "MediaBrowser.Plugins.NotifyMyAndroidNotifications\MediaBrowser.Plugins.NotifyMyAndroidNotifications.csproj", "{27E28106-2FCE-41AC-9948-561818497627}"
EndProject
Global
	GlobalSection(SolutionConfigurationPlatforms) = preSolution
		Debug|Any CPU = Debug|Any CPU
		Release|Any CPU = Release|Any CPU
	EndGlobalSection
	GlobalSection(ProjectConfigurationPlatforms) = postSolution
		{27E28106-2FCE-41AC-9948-561818497627}.Debug|Any CPU.ActiveCfg = Debug|Any CPU
		{27E28106-2FCE-41AC-9948-561818497627}.Debug|Any CPU.Build.0 = Debug|Any CPU
		{27E28106-2FCE-41AC-9948-561818497627}.Release|Any CPU.ActiveCfg = Release|Any CPU
		{27E28106-2FCE-41AC-9948-561818497627}.Release|Any CPU.Build.0 = Release|Any CPU
	EndGlobalSection
	GlobalSection(SolutionProperties) = preSolution
		HideSolutionNode = FALSE
	EndGlobalSection
	GlobalSection(ExtensibilityGlobals) = postSolution
		SolutionGuid = {9C9EB715-8337-4F8A-B9E5-427CD2829CF3}
	EndGlobalSection
EndGlobal
